<Solution>
  <Folder Name="/src/">
    <Project Path="src/FaultTracePC.App/FaultTracePC.App.csproj" />
    <Project Path="src/FaultTracePC.Cli/FaultTracePC.Cli.csproj" />
    <Project Path="src/FaultTracePC.Core/FaultTracePC.Core.csproj" />
    <Project Path="src/FaultTracePC.Monitor/FaultTracePC.Monitor.csproj" />
  </Folder>
  <Folder Name="/tests/">
    <Project Path="tests/FaultTracePC.Tests/FaultTracePC.Tests.csproj" />
  </Folder>
</Solution>
